// !$*UTF8*$!
{
	archiveVersion = 1;
	classes = {
	};
	objectVersion = 56;
	objects = {

/* Begin PBXBuildFile section */
		A462018B2CC003E80072CFE6 /* main.cpp in Sources */ = {isa = PBXBuildFile; fileRef = A462018A2CC003E80072CFE6 /* main.cpp */; };
		A46201962CC003F20072CFE6 /* main.cpp in Sources */ = {isa = PBXBuildFile; fileRef = A46201952CC003F20072CFE6 /* main.cpp */; };
		A46201D82CC008FB0072CFE6 /* main.cpp in Sources */ = {isa = PBXBuildFile; fileRef = A46201D72CC008FB0072CFE6 /* main.cpp */; };
		A46201E32CC009030072CFE6 /* main.cpp in Sources */ = {isa = PBXBuildFile; fileRef = A46201E22CC009030072CFE6 /* main.cpp */; };
		A46201EE2CC0090A0072CFE6 /* main.cpp in Sources */ = {isa = PBXBuildFile; fileRef = A46201ED2CC0090A0072CFE6 /* main.cpp */; };
/* End PBXBuildFile section */

/* Begin PBXCopyFilesBuildPhase section */
		A46201862CC003E80072CFE6 /* CopyFiles */ = {
			isa = PBXCopyFilesBuildPhase;
			buildActionMask = 2147483647;
			dstPath = /usr/share/man/man1/;
			dstSubfolderSpec = 0;
			files = (
			);
			runOnlyForDeploymentPostprocessing = 1;
		};
		A46201912CC003F20072CFE6 /* CopyFiles */ = {
			isa = PBXCopyFilesBuildPhase;
			buildActionMask = 2147483647;
			dstPath = /usr/share/man/man1/;
			dstSubfolderSpec = 0;
			files = (
			);
			runOnlyForDeploymentPostprocessing = 1;
		};
		A46201D32CC008FB0072CFE6 /* CopyFiles */ = {
			isa = PBXCopyFilesBuildPhase;
			buildActionMask = 2147483647;
			dstPath = /usr/share/man/man1/;
			dstSubfolderSpec = 0;
			files = (
			);
			runOnlyForDeploymentPostprocessing = 1;
		};
		A46201DE2CC009030072CFE6 /* CopyFiles */ = {
			isa = PBXCopyFilesBuildPhase;
			buildActionMask = 2147483647;
			dstPath = /usr/share/man/man1/;
			dstSubfolderSpec = 0;
			files = (
			);
			runOnlyForDeploymentPostprocessing = 1;
		};
		A46201E92CC0090A0072CFE6 /* CopyFiles */ = {
			isa = PBXCopyFilesBuildPhase;
			buildActionMask = 2147483647;
			dstPath = /usr/share/man/man1/;
			dstSubfolderSpec = 0;
			files = (
			);
			runOnlyForDeploymentPostprocessing = 1;
		};
/* End PBXCopyFilesBuildPhase section */

/* Begin PBXFileReference section */
		A46201882CC003E80072CFE6 /* Fibonaccinum5 */ = {isa = PBXFileReference; explicitFileType = "compiled.mach-o.executable"; includeInIndex = 0; path = Fibonaccinum5; sourceTree = BUILT_PRODUCTS_DIR; };
		A462018A2CC003E80072CFE6 /* main.cpp */ = {isa = PBXFileReference; lastKnownFileType = sourcecode.cpp.cpp; path = main.cpp; sourceTree = "<group>"; };
		A46201932CC003F20072CFE6 /* Fibonaccinum2 */ = {isa = PBXFileReference; explicitFileType = "compiled.mach-o.executable"; includeInIndex = 0; path = Fibonaccinum2; sourceTree = BUILT_PRODUCTS_DIR; };
		A46201952CC003F20072CFE6 /* main.cpp */ = {isa = PBXFileReference; lastKnownFileType = sourcecode.cpp.cpp; path = main.cpp; sourceTree = "<group>"; };
		A46201D52CC008FB0072CFE6 /* buildbridge */ = {isa = PBXFileReference; explicitFileType = "compiled.mach-o.executable"; includeInIndex = 0; path = buildbridge; sourceTree = BUILT_PRODUCTS_DIR; };
		A46201D72CC008FB0072CFE6 /* main.cpp */ = {isa = PBXFileReference; lastKnownFileType = sourcecode.cpp.cpp; path = main.cpp; sourceTree = "<group>"; };
		A46201E02CC009030072CFE6 /* rockgame */ = {isa = PBXFileReference; explicitFileType = "compiled.mach-o.executable"; includeInIndex = 0; path = rockgame; sourceTree = BUILT_PRODUCTS_DIR; };
		A46201E22CC009030072CFE6 /* main.cpp */ = {isa = PBXFileReference; lastKnownFileType = sourcecode.cpp.cpp; path = main.cpp; sourceTree = "<group>"; };
		A46201EB2CC0090A0072CFE6 /* sugardelivery */ = {isa = PBXFileReference; explicitFileType = "compiled.mach-o.executable"; includeInIndex = 0; path = sugardelivery; sourceTree = BUILT_PRODUCTS_DIR; };
		A46201ED2CC0090A0072CFE6 /* main.cpp */ = {isa = PBXFileReference; lastKnownFileType = sourcecode.cpp.cpp; path = main.cpp; sourceTree = "<group>"; };
/* End PBXFileReference section */

/* Begin PBXFrameworksBuildPhase section */
		A46201852CC003E80072CFE6 /* Frameworks */ = {
			isa = PBXFrameworksBuildPhase;
			buildActionMask = 2147483647;
			files = (
			);
			runOnlyForDeploymentPostprocessing = 0;
		};
		A46201902CC003F20072CFE6 /* Frameworks */ = {
			isa = PBXFrameworksBuildPhase;
			buildActionMask = 2147483647;
			files = (
			);
			runOnlyForDeploymentPostprocessing = 0;
		};
		A46201D22CC008FB0072CFE6 /* Frameworks */ = {
			isa = PBXFrameworksBuildPhase;
			buildActionMask = 2147483647;
			files = (
			);
			runOnlyForDeploymentPostprocessing = 0;
		};
		A46201DD2CC009030072CFE6 /* Frameworks */ = {
			isa = PBXFrameworksBuildPhase;
			buildActionMask = 2147483647;
			files = (
			);
			runOnlyForDeploymentPostprocessing = 0;
		};
		A46201E82CC0090A0072CFE6 /* Frameworks */ = {
			isa = PBXFrameworksBuildPhase;
			buildActionMask = 2147483647;
			files = (
			);
			runOnlyForDeploymentPostprocessing = 0;
		};
/* End PBXFrameworksBuildPhase section */

/* Begin PBXGroup section */
		A46201712CC0024B0072CFE6 = {
			isa = PBXGroup;
			children = (
				A46201892CC003E80072CFE6 /* Fibonaccinum5 */,
				A46201942CC003F20072CFE6 /* Fibonaccinum2 */,
				A46201D62CC008FB0072CFE6 /* buildbridge */,
				A46201E12CC009030072CFE6 /* rockgame */,
				A46201EC2CC0090A0072CFE6 /* sugardelivery */,
				A462017B2CC0024B0072CFE6 /* Products */,
			);
			sourceTree = "<group>";
		};
		A462017B2CC0024B0072CFE6 /* Products */ = {
			isa = PBXGroup;
			children = (
				A46201882CC003E80072CFE6 /* Fibonaccinum5 */,
				A46201932CC003F20072CFE6 /* Fibonaccinum2 */,
				A46201D52CC008FB0072CFE6 /* buildbridge */,
				A46201E02CC009030072CFE6 /* rockgame */,
				A46201EB2CC0090A0072CFE6 /* sugardelivery */,
			);
			name = Products;
			sourceTree = "<group>";
		};
		A46201892CC003E80072CFE6 /* Fibonaccinum5 */ = {
			isa = PBXGroup;
			children = (
				A462018A2CC003E80072CFE6 /* main.cpp */,
			);
			path = Fibonaccinum5;
			sourceTree = "<group>";
		};
		A46201942CC003F20072CFE6 /* Fibonaccinum2 */ = {
			isa = PBXGroup;
			children = (
				A46201952CC003F20072CFE6 /* main.cpp */,
			);
			path = Fibonaccinum2;
			sourceTree = "<group>";
		};
		A46201D62CC008FB0072CFE6 /* buildbridge */ = {
			isa = PBXGroup;
			children = (
				A46201D72CC008FB0072CFE6 /* main.cpp */,
			);
			path = buildbridge;
			sourceTree = "<group>";
		};
		A46201E12CC009030072CFE6 /* rockgame */ = {
			isa = PBXGroup;
			children = (
				A46201E22CC009030072CFE6 /* main.cpp */,
			);
			path = rockgame;
			sourceTree = "<group>";
		};
		A46201EC2CC0090A0072CFE6 /* sugardelivery */ = {
			isa = PBXGroup;
			children = (
				A46201ED2CC0090A0072CFE6 /* main.cpp */,
			);
			path = sugardelivery;
			sourceTree = "<group>";
		};
/* End PBXGroup section */

/* Begin PBXNativeTarget section */
		A46201872CC003E80072CFE6 /* Fibonaccinum5 */ = {
			isa = PBXNativeTarget;
			buildConfigurationList = A462018E2CC003E80072CFE6 /* Build configuration list for PBXNativeTarget "Fibonaccinum5" */;
			buildPhases = (
				A46201842CC003E80072CFE6 /* Sources */,
				A46201852CC003E80072CFE6 /* Frameworks */,
				A46201862CC003E80072CFE6 /* CopyFiles */,
			);
			buildRules = (
			);
			dependencies = (
			);
			name = Fibonaccinum5;
			productName = Fibonaccinum5;
			productReference = A46201882CC003E80072CFE6 /* Fibonaccinum5 */;
			productType = "com.apple.product-type.tool";
		};
		A46201922CC003F20072CFE6 /* Fibonaccinum2 */ = {
			isa = PBXNativeTarget;
			buildConfigurationList = A46201972CC003F20072CFE6 /* Build configuration list for PBXNativeTarget "Fibonaccinum2" */;
			buildPhases = (
				A462018F2CC003F20072CFE6 /* Sources */,
				A46201902CC003F20072CFE6 /* Frameworks */,
				A46201912CC003F20072CFE6 /* CopyFiles */,
			);
			buildRules = (
			);
			dependencies = (
			);
			name = Fibonaccinum2;
			productName = Fibonaccinum2;
			productReference = A46201932CC003F20072CFE6 /* Fibonaccinum2 */;
			productType = "com.apple.product-type.tool";
		};
		A46201D42CC008FB0072CFE6 /* buildbridge */ = {
			isa = PBXNativeTarget;
			buildConfigurationList = A46201DB2CC008FB0072CFE6 /* Build configuration list for PBXNativeTarget "buildbridge" */;
			buildPhases = (
				A46201D12CC008FB0072CFE6 /* Sources */,
				A46201D22CC008FB0072CFE6 /* Frameworks */,
				A46201D32CC008FB0072CFE6 /* CopyFiles */,
			);
			buildRules = (
			);
			dependencies = (
			);
			name = buildbridge;
			productName = buildbridge;
			productReference = A46201D52CC008FB0072CFE6 /* buildbridge */;
			productType = "com.apple.product-type.tool";
		};
		A46201DF2CC009030072CFE6 /* rockgame */ = {
			isa = PBXNativeTarget;
			buildConfigurationList = A46201E42CC009030072CFE6 /* Build configuration list for PBXNativeTarget "rockgame" */;
			buildPhases = (
				A46201DC2CC009030072CFE6 /* Sources */,
				A46201DD2CC009030072CFE6 /* Frameworks */,
				A46201DE2CC009030072CFE6 /* CopyFiles */,
			);
			buildRules = (
			);
			dependencies = (
			);
			name = rockgame;
			productName = rockgame;
			productReference = A46201E02CC009030072CFE6 /* rockgame */;
			productType = "com.apple.product-type.tool";
		};
		A46201EA2CC0090A0072CFE6 /* sugardelivery */ = {
			isa = PBXNativeTarget;
			buildConfigurationList = A46201EF2CC0090A0072CFE6 /* Build configuration list for PBXNativeTarget "sugardelivery" */;
			buildPhases = (
				A46201E72CC0090A0072CFE6 /* Sources */,
				A46201E82CC0090A0072CFE6 /* Frameworks */,
				A46201E92CC0090A0072CFE6 /* CopyFiles */,
			);
			buildRules = (
			);
			dependencies = (
			);
			name = sugardelivery;
			productName = sugardelivery;
			productReference = A46201EB2CC0090A0072CFE6 /* sugardelivery */;
			productType = "com.apple.product-type.tool";
		};
/* End PBXNativeTarget section */

/* Begin PBXProject section */
		A46201722CC0024B0072CFE6 /* Project object */ = {
			isa = PBXProject;
			attributes = {
				BuildIndependentTargetsInParallel = 1;
				LastUpgradeCheck = 1430;
				TargetAttributes = {
					A46201872CC003E80072CFE6 = {
						CreatedOnToolsVersion = 14.3.1;
					};
					A46201922CC003F20072CFE6 = {
						CreatedOnToolsVersion = 14.3.1;
					};
					A46201D42CC008FB0072CFE6 = {
						CreatedOnToolsVersion = 14.3.1;
					};
					A46201DF2CC009030072CFE6 = {
						CreatedOnToolsVersion = 14.3.1;
					};
					A46201EA2CC0090A0072CFE6 = {
						CreatedOnToolsVersion = 14.3.1;
					};
				};
			};
			buildConfigurationList = A46201752CC0024B0072CFE6 /* Build configuration list for PBXProject "DP" */;
			compatibilityVersion = "Xcode 14.0";
			developmentRegion = en;
			hasScannedForEncodings = 0;
			knownRegions = (
				en,
				Base,
			);
			mainGroup = A46201712CC0024B0072CFE6;
			productRefGroup = A462017B2CC0024B0072CFE6 /* Products */;
			projectDirPath = "";
			projectRoot = "";
			targets = (
				A46201872CC003E80072CFE6 /* Fibonaccinum5 */,
				A46201922CC003F20072CFE6 /* Fibonaccinum2 */,
				A46201D42CC008FB0072CFE6 /* buildbridge */,
				A46201DF2CC009030072CFE6 /* rockgame */,
				A46201EA2CC0090A0072CFE6 /* sugardelivery */,
			);
		};
/* End PBXProject section */

/* Begin PBXSourcesBuildPhase section */
		A46201842CC003E80072CFE6 /* Sources */ = {
			isa = PBXSourcesBuildPhase;
			buildActionMask = 2147483647;
			files = (
				A462018B2CC003E80072CFE6 /* main.cpp in Sources */,
			);
			runOnlyForDeploymentPostprocessing = 0;
		};
		A462018F2CC003F20072CFE6 /* Sources */ = {
			isa = PBXSourcesBuildPhase;
			buildActionMask = 2147483647;
			files = (
				A46201962CC003F20072CFE6 /* main.cpp in Sources */,
			);
			runOnlyForDeploymentPostprocessing = 0;
		};
		A46201D12CC008FB0072CFE6 /* Sources */ = {
			isa = PBXSourcesBuildPhase;
			buildActionMask = 2147483647;
			files = (
				A46201D82CC008FB0072CFE6 /* main.cpp in Sources */,
			);
			runOnlyForDeploymentPostprocessing = 0;
		};
		A46201DC2CC009030072CFE6 /* Sources */ = {
			isa = PBXSourcesBuildPhase;
			buildActionMask = 2147483647;
			files = (
				A46201E32CC009030072CFE6 /* main.cpp in Sources */,
			);
			runOnlyForDeploymentPostprocessing = 0;
		};
		A46201E72CC0090A0072CFE6 /* Sources */ = {
			isa = PBXSourcesBuildPhase;
			buildActionMask = 2147483647;
			files = (
				A46201EE2CC0090A0072CFE6 /* main.cpp in Sources */,
			);
			runOnlyForDeploymentPostprocessing = 0;
		};
/* End PBXSourcesBuildPhase section */

/* Begin XCBuildConfiguration section */
		A462017F2CC0024B0072CFE6 /* Debug */ = {
			isa = XCBuildConfiguration;
			buildSettings = {
				ALWAYS_SEARCH_USER_PATHS = NO;
				CLANG_ANALYZER_NONNULL = YES;
				CLANG_ANALYZER_NUMBER_OBJECT_CONVERSION = YES_AGGRESSIVE;
				CLANG_CXX_LANGUAGE_STANDARD = "gnu++20";
				CLANG_ENABLE_MODULES = YES;
				CLANG_ENABLE_OBJC_ARC = YES;
				CLANG_ENABLE_OBJC_WEAK = YES;
				CLANG_WARN_BLOCK_CAPTURE_AUTORELEASING = YES;
				CLANG_WARN_BOOL_CONVERSION = YES;
				CLANG_WARN_COMMA = YES;
				CLANG_WARN_CONSTANT_CONVERSION = YES;
				CLANG_WARN_DEPRECATED_OBJC_IMPLEMENTATIONS = YES;
				CLANG_WARN_DIRECT_OBJC_ISA_USAGE = YES_ERROR;
				CLANG_WARN_DOCUMENTATION_COMMENTS = YES;
				CLANG_WARN_EMPTY_BODY = YES;
				CLANG_WARN_ENUM_CONVERSION = YES;
				CLANG_WARN_INFINITE_RECURSION = YES;
				CLANG_WARN_INT_CONVERSION = YES;
				CLANG_WARN_NON_LITERAL_NULL_CONVERSION = YES;
				CLANG_WARN_OBJC_IMPLICIT_RETAIN_SELF = YES;
				CLANG_WARN_OBJC_LITERAL_CONVERSION = YES;
				CLANG_WARN_OBJC_ROOT_CLASS = YES_ERROR;
				CLANG_WARN_QUOTED_INCLUDE_IN_FRAMEWORK_HEADER = YES;
				CLANG_WARN_RANGE_LOOP_ANALYSIS = YES;
				CLANG_WARN_STRICT_PROTOTYPES = YES;
				CLANG_WARN_SUSPICIOUS_MOVE = YES;
				CLANG_WARN_UNGUARDED_AVAILABILITY = YES_AGGRESSIVE;
				CLANG_WARN_UNREACHABLE_CODE = YES;
				CLANG_WARN__DUPLICATE_METHOD_MATCH = YES;
				COPY_PHASE_STRIP = NO;
				DEBUG_INFORMATION_FORMAT = dwarf;
				ENABLE_STRICT_OBJC_MSGSEND = YES;
				ENABLE_TESTABILITY = YES;
				GCC_C_LANGUAGE_STANDARD = gnu11;
				GCC_DYNAMIC_NO_PIC = NO;
				GCC_NO_COMMON_BLOCKS = YES;
				GCC_OPTIMIZATION_LEVEL = 0;
				GCC_PREPROCESSOR_DEFINITIONS = (
					"DEBUG=1",
					"$(inherited)",
				);
				GCC_WARN_64_TO_32_BIT_CONVERSION = YES;
				GCC_WARN_ABOUT_RETURN_TYPE = YES_ERROR;
				GCC_WARN_UNDECLARED_SELECTOR = YES;
				GCC_WARN_UNINITIALIZED_AUTOS = YES_AGGRESSIVE;
				GCC_WARN_UNUSED_FUNCTION = YES;
				GCC_WARN_UNUSED_VARIABLE = YES;
				MACOSX_DEPLOYMENT_TARGET = 13.0;
				MTL_ENABLE_DEBUG_INFO = INCLUDE_SOURCE;
				MTL_FAST_MATH = YES;
				ONLY_ACTIVE_ARCH = YES;
				SDKROOT = macosx;
			};
			name = Debug;
		};
		A46201802CC0024B0072CFE6 /* Release */ = {
			isa = XCBuildConfiguration;
			buildSettings = {
				ALWAYS_SEARCH_USER_PATHS = NO;
				CLANG_ANALYZER_NONNULL = YES;
				CLANG_ANALYZER_NUMBER_OBJECT_CONVERSION = YES_AGGRESSIVE;
				CLANG_CXX_LANGUAGE_STANDARD = "gnu++20";
				CLANG_ENABLE_MODULES = YES;
				CLANG_ENABLE_OBJC_ARC = YES;
				CLANG_ENABLE_OBJC_WEAK = YES;
				CLANG_WARN_BLOCK_CAPTURE_AUTORELEASING = YES;
				CLANG_WARN_BOOL_CONVERSION = YES;
				CLANG_WARN_COMMA = YES;
				CLANG_WARN_CONSTANT_CONVERSION = YES;
				CLANG_WARN_DEPRECATED_OBJC_IMPLEMENTATIONS = YES;
				CLANG_WARN_DIRECT_OBJC_ISA_USAGE = YES_ERROR;
				CLANG_WARN_DOCUMENTATION_COMMENTS = YES;
				CLANG_WARN_EMPTY_BODY = YES;
				CLANG_WARN_ENUM_CONVERSION = YES;
				CLANG_WARN_INFINITE_RECURSION = YES;
				CLANG_WARN_INT_CONVERSION = YES;
				CLANG_WARN_NON_LITERAL_NULL_CONVERSION = YES;
				CLANG_WARN_OBJC_IMPLICIT_RETAIN_SELF = YES;
				CLANG_WARN_OBJC_LITERAL_CONVERSION = YES;
				CLANG_WARN_OBJC_ROOT_CLASS = YES_ERROR;
				CLANG_WARN_QUOTED_INCLUDE_IN_FRAMEWORK_HEADER = YES;
				CLANG_WARN_RANGE_LOOP_ANALYSIS = YES;
				CLANG_WARN_STRICT_PROTOTYPES = YES;
				CLANG_WARN_SUSPICIOUS_MOVE = YES;
				CLANG_WARN_UNGUARDED_AVAILABILITY = YES_AGGRESSIVE;
				CLANG_WARN_UNREACHABLE_CODE = YES;
				CLANG_WARN__DUPLICATE_METHOD_MATCH = YES;
				COPY_PHASE_STRIP = NO;
				DEBUG_INFORMATION_FORMAT = "dwarf-with-dsym";
				ENABLE_NS_ASSERTIONS = NO;
				ENABLE_STRICT_OBJC_MSGSEND = YES;
				GCC_C_LANGUAGE_STANDARD = gnu11;
				GCC_NO_COMMON_BLOCKS = YES;
				GCC_WARN_64_TO_32_BIT_CONVERSION = YES;
				GCC_WARN_ABOUT_RETURN_TYPE = YES_ERROR;
				GCC_WARN_UNDECLARED_SELECTOR = YES;
				GCC_WARN_UNINITIALIZED_AUTOS = YES_AGGRESSIVE;
				GCC_WARN_UNUSED_FUNCTION = YES;
				GCC_WARN_UNUSED_VARIABLE = YES;
				MACOSX_DEPLOYMENT_TARGET = 13.0;
				MTL_ENABLE_DEBUG_INFO = NO;
				MTL_FAST_MATH = YES;
				SDKROOT = macosx;
			};
			name = Release;
		};
		A462018C2CC003E80072CFE6 /* Debug */ = {
			isa = XCBuildConfiguration;
			buildSettings = {
				CODE_SIGN_STYLE = Automatic;
				PRODUCT_NAME = "$(TARGET_NAME)";
			};
			name = Debug;
		};
		A462018D2CC003E80072CFE6 /* Release */ = {
			isa = XCBuildConfiguration;
			buildSettings = {
				CODE_SIGN_STYLE = Automatic;
				PRODUCT_NAME = "$(TARGET_NAME)";
			};
			name = Release;
		};
		A46201982CC003F20072CFE6 /* Debug */ = {
			isa = XCBuildConfiguration;
			buildSettings = {
				CODE_SIGN_STYLE = Automatic;
				PRODUCT_NAME = "$(TARGET_NAME)";
			};
			name = Debug;
		};
		A46201992CC003F20072CFE6 /* Release */ = {
			isa = XCBuildConfiguration;
			buildSettings = {
				CODE_SIGN_STYLE = Automatic;
				PRODUCT_NAME = "$(TARGET_NAME)";
			};
			name = Release;
		};
		A46201D92CC008FB0072CFE6 /* Debug */ = {
			isa = XCBuildConfiguration;
			buildSettings = {
				CODE_SIGN_STYLE = Automatic;
				PRODUCT_NAME = "$(TARGET_NAME)";
			};
			name = Debug;
		};
		A46201DA2CC008FB0072CFE6 /* Release */ = {
			isa = XCBuildConfiguration;
			buildSettings = {
				CODE_SIGN_STYLE = Automatic;
				PRODUCT_NAME = "$(TARGET_NAME)";
			};
			name = Release;
		};
		A46201E52CC009030072CFE6 /* Debug */ = {
			isa = XCBuildConfiguration;
			buildSettings = {
				CODE_SIGN_STYLE = Automatic;
				PRODUCT_NAME = "$(TARGET_NAME)";
			};
			name = Debug;
		};
		A46201E62CC009030072CFE6 /* Release */ = {
			isa = XCBuildConfiguration;
			buildSettings = {
				CODE_SIGN_STYLE = Automatic;
				PRODUCT_NAME = "$(TARGET_NAME)";
			};
			name = Release;
		};
		A46201F02CC0090A0072CFE6 /* Debug */ = {
			isa = XCBuildConfiguration;
			buildSettings = {
				CODE_SIGN_STYLE = Automatic;
				PRODUCT_NAME = "$(TARGET_NAME)";
			};
			name = Debug;
		};
		A46201F12CC0090A0072CFE6 /* Release */ = {
			isa = XCBuildConfiguration;
			buildSettings = {
				CODE_SIGN_STYLE = Automatic;
				PRODUCT_NAME = "$(TARGET_NAME)";
			};
			name = Release;
		};
/* End XCBuildConfiguration section */

/* Begin XCConfigurationList section */
		A46201752CC0024B0072CFE6 /* Build configuration list for PBXProject "DP" */ = {
			isa = XCConfigurationList;
			buildConfigurations = (
				A462017F2CC0024B0072CFE6 /* Debug */,
				A46201802CC0024B0072CFE6 /* Release */,
			);
			defaultConfigurationIsVisible = 0;
			defaultConfigurationName = Release;
		};
		A462018E2CC003E80072CFE6 /* Build configuration list for PBXNativeTarget "Fibonaccinum5" */ = {
			isa = XCConfigurationList;
			buildConfigurations = (
				A462018C2CC003E80072CFE6 /* Debug */,
				A462018D2CC003E80072CFE6 /* Release */,
			);
			defaultConfigurationIsVisible = 0;
			defaultConfigurationName = Release;
		};
		A46201972CC003F20072CFE6 /* Build configuration list for PBXNativeTarget "Fibonaccinum2" */ = {
			isa = XCConfigurationList;
			buildConfigurations = (
				A46201982CC003F20072CFE6 /* Debug */,
				A46201992CC003F20072CFE6 /* Release */,
			);
			defaultConfigurationIsVisible = 0;
			defaultConfigurationName = Release;
		};
		A46201DB2CC008FB0072CFE6 /* Build configuration list for PBXNativeTarget "buildbridge" */ = {
			isa = XCConfigurationList;
			buildConfigurations = (
				A46201D92CC008FB0072CFE6 /* Debug */,
				A46201DA2CC008FB0072CFE6 /* Release */,
			);
			defaultConfigurationIsVisible = 0;
			defaultConfigurationName = Release;
		};
		A46201E42CC009030072CFE6 /* Build configuration list for PBXNativeTarget "rockgame" */ = {
			isa = XCConfigurationList;
			buildConfigurations = (
				A46201E52CC009030072CFE6 /* Debug */,
				A46201E62CC009030072CFE6 /* Release */,
			);
			defaultConfigurationIsVisible = 0;
			defaultConfigurationName = Release;
		};
		A46201EF2CC0090A0072CFE6 /* Build configuration list for PBXNativeTarget "sugardelivery" */ = {
			isa = XCConfigurationList;
			buildConfigurations = (
				A46201F02CC0090A0072CFE6 /* Debug */,
				A46201F12CC0090A0072CFE6 /* Release */,
			);
			defaultConfigurationIsVisible = 0;
			defaultConfigurationName = Release;
		};
/* End XCConfigurationList section */
	};
	rootObject = A46201722CC0024B0072CFE6 /* Project object */;
}
